
Microsoft Visual Studio Solution File, Format Version 12.00
# Visual Studio Version 17
VisualStudioVersion = 17.6.33417.168
MinimumVisualStudioVersion = 10.0.40219.1
Project("{2150E333-8FDC-42A3-9474-1A3956D46DE8}") = "1 - Presentation", "1 - Presentation", "{D1D4FB24-2384-423C-B1F1-3DBE1084817C}"
EndProject
Project("{2150E333-8FDC-42A3-9474-1A3956D46DE8}") = "Tests", "Tests", "{3716EFB8-9FA7-4E69-9B71-C4AB41C95F9D}"
EndProject
Project("{9A19103F-16F7-4668-BE54-9A1E7A4F7556}") = "TODOAPP.Test", "TODOAPP.Test\TODOAPP.Test.csproj", "{44D1BF70-B6C3-4A7C-9F96-2C3D8681CDE9}"
EndProject
Project("{9A19103F-16F7-4668-BE54-9A1E7A4F7556}") = "API", "API\API.csproj", "{7F46FD6C-E6DD-4048-92E1-4AB1DABE9D6E}"
EndProject
Global
	GlobalSection(SolutionConfigurationPlatforms) = preSolution
		Debug|Any CPU = Debug|Any CPU
		Release|Any CPU = Release|Any CPU
	EndGlobalSection
	GlobalSection(ProjectConfigurationPlatforms) = postSolution
		{44D1BF70-B6C3-4A7C-9F96-2C3D8681CDE9}.Debug|Any CPU.ActiveCfg = Debug|Any CPU
		{44D1BF70-B6C3-4A7C-9F96-2C3D8681CDE9}.Debug|Any CPU.Build.0 = Debug|Any CPU
		{44D1BF70-B6C3-4A7C-9F96-2C3D8681CDE9}.Release|Any CPU.ActiveCfg = Release|Any CPU
		{44D1BF70-B6C3-4A7C-9F96-2C3D8681CDE9}.Release|Any CPU.Build.0 = Release|Any CPU
		{7F46FD6C-E6DD-4048-92E1-4AB1DABE9D6E}.Debug|Any CPU.ActiveCfg = Debug|Any CPU
		{7F46FD6C-E6DD-4048-92E1-4AB1DABE9D6E}.Debug|Any CPU.Build.0 = Debug|Any CPU
		{7F46FD6C-E6DD-4048-92E1-4AB1DABE9D6E}.Release|Any CPU.ActiveCfg = Release|Any CPU
		{7F46FD6C-E6DD-4048-92E1-4AB1DABE9D6E}.Release|Any CPU.Build.0 = Release|Any CPU
	EndGlobalSection
	GlobalSection(SolutionProperties) = preSolution
		HideSolutionNode = FALSE
	EndGlobalSection
	GlobalSection(NestedProjects) = preSolution
		{44D1BF70-B6C3-4A7C-9F96-2C3D8681CDE9} = {3716EFB8-9FA7-4E69-9B71-C4AB41C95F9D}
		{7F46FD6C-E6DD-4048-92E1-4AB1DABE9D6E} = {D1D4FB24-2384-423C-B1F1-3DBE1084817C}
	EndGlobalSection
	GlobalSection(ExtensibilityGlobals) = postSolution
		SolutionGuid = {21A9546C-86CC-45C9-B458-07CD0ECE8869}
	EndGlobalSection
EndGlobal
